[[package]]
category = "main"
description = "Disable App Nap on OS X 10.9"
name = "appnope"
optional = false
platform = "UNKNOWN"
python-versions = "*"
version = "0.1.0"

[package.requirements]
platform = "darwin"

[[package]]
category = "dev"
description = "Atomic file writes."
name = "atomicwrites"
optional = false
platform = "UNKNOWN"
python-versions = "*"
version = "1.1.5"

[[package]]
category = "dev"
description = "Classes Without Boilerplate"
name = "attrs"
optional = false
platform = "*"
python-versions = "*"
version = "18.1.0"

[[package]]
category = "main"
description = "Specifications for callback functions passed in to an API"
name = "backcall"
optional = false
platform = "UNKNOWN"
python-versions = "*"
version = "0.1.0"

[[package]]
category = "main"
description = "Backport of shutil.which from Python 3.3"
name = "backports.shutil-which"
optional = false
platform = "UNKNOWN"
python-versions = "*"
version = "3.5.1"

[package.requirements]
python = "<3.0"

[[package]]
category = "main"
description = "An easy safelist-based HTML-sanitizing tool."
name = "bleach"
optional = false
platform = "*"
python-versions = "*"
version = "2.1.3"

[package.dependencies]
html5lib = ">=0.99999999pre,<1.0b1 || >1.0b1,<1.0b2 || >1.0b2,<1.0b3 || >1.0b3,<1.0b4 || >1.0b4,<1.0b5 || >1.0b5,<1.0b6 || >1.0b6,<1.0b7 || >1.0b7,<1.0b8 || >1.0b8"
six = "*"

[[package]]
category = "main"
description = "Python package for providing Mozilla's CA Bundle."
name = "certifi"
optional = false
platform = "*"
python-versions = "*"
version = "2018.8.24"

[[package]]
category = "main"
description = "Universal encoding detector for Python 2 and 3"
name = "chardet"
optional = false
platform = "*"
python-versions = "*"
version = "3.0.4"

[[package]]
category = "main"
description = "Cross-platform colored terminal text."
name = "colorama"
optional = false
platform = "UNKNOWN"
python-versions = "*"
version = "0.3.9"

[package.requirements]
platform = "win32"

[[package]]
category = "main"
description = "This library brings the updated configparser from Python 3.5 to Python 2.6-3.5."
name = "configparser"
optional = false
platform = "any"
python-versions = "*"
version = "3.5.0"

[package.requirements]
python = ">=2.7,<2.8"

[[package]]
category = "dev"
description = "CuPy: NumPy-like API accelerated with CUDA"
name = "cupy-cuda91"
optional = false
platform = "*"
python-versions = "*"
version = "4.3.0"

[package.dependencies]
fastrlock = ">=0.3"
numpy = ">=1.9.0"
six = ">=1.9.0"

[[package]]
category = "main"
description = "Manage calls to calloc/free through Cython"
name = "cymem"
optional = false
platform = "UNKNOWN"
python-versions = "*"
version = "1.31.2"

[[package]]
category = "main"
description = "Cython implementation of Toolz: High performance functional utilities"
name = "cytoolz"
optional = false
platform = "*"
python-versions = "*"
version = "0.9.0.1"

[package.dependencies]
toolz = ">=0.8.0"

[[package]]
category = "main"
description = "Pure-python reader for DAWGs (DAFSAs) created by dawgdic C++ library or DAWG Python extension."
name = "dawg-python"
optional = false
platform = "UNKNOWN"
python-versions = "*"
version = "0.7.2"

[[package]]
category = "main"
description = "Better living through Python with decorators"
name = "decorator"
optional = false
platform = "All"
python-versions = "*"
version = "4.3.0"

[[package]]
category = "main"
description = "serialize all of python"
name = "dill"
optional = false
platform = "Linux"
python-versions = "*"
version = "0.2.8.2"

[[package]]
category = "main"
description = "Pythonic argument parser, that will make you smile"
name = "docopt"
optional = false
platform = "UNKNOWN"
python-versions = "*"
version = "0.6.2"

[[package]]
category = "main"
description = "Discover and load entry points from installed packages."
name = "entrypoints"
optional = false
platform = "*"
python-versions = ">=2.7"
version = "0.2.3"

[package.dependencies]
[package.dependencies.configparser]
python = ">=2.7,<2.8"
version = ">=3.5"

[[package]]
category = "main"
description = "Python 3.4 Enum backported to 3.3, 3.2, 3.1, 2.7, 2.6, 2.5, and 2.4"
name = "enum34"
optional = false
platform = "UNKNOWN"
python-versions = "*"
version = "1.1.6"

[package.requirements]
python = ">=2.7,<2.8 || >=3.3,<3.4"

[[package]]
category = "dev"
description = "Fast, re-entrant optimistic lock implemented in Cython"
name = "fastrlock"
optional = false
platform = "*"
python-versions = "*"
version = "0.3"

[[package]]
category = "dev"
description = "Python function signatures from PEP362 for Python 2.6, 2.7 and 3.2+"
name = "funcsigs"
optional = false
platform = "UNKNOWN"
python-versions = "*"
version = "1.0.2"

[package.dependencies]
[package.dependencies.ordereddict]
python = "<2.7"
version = "*"

[package.requirements]
python = "<3.0"

[[package]]
category = "main"
description = "Backport of the functools module from Python 3.2.3 for use on 2.7 and PyPy."
name = "functools32"
optional = false
platform = "UNKNOWN"
python-versions = "*"
version = "3.2.3-2"

[package.requirements]
python = ">=2.7,<2.8"

[[package]]
category = "main"
description = "HTML parser based on the WHATWG HTML specification"
name = "html5lib"
optional = false
platform = "*"
python-versions = "*"
version = "1.0.1"

[package.dependencies]
six = ">=1.9"
webencodings = "*"

[[package]]
category = "main"
description = "Internationalized Domain Names in Applications (IDNA)"
name = "idna"
optional = false
platform = "*"
python-versions = "*"
version = "2.7"

[[package]]
category = "main"
description = "IPv4/IPv6 manipulation library"
name = "ipaddress"
optional = false
platform = "*"
python-versions = "*"
version = "1.0.22"

[package.requirements]
python = ">=2.7,<2.8"

[[package]]
category = "main"
description = "IPython Kernel for Jupyter"
name = "ipykernel"
optional = false
platform = "Linux"
python-versions = "*"
version = "4.8.2"

[package.dependencies]
ipython = ">=4.0.0"
jupyter-client = "*"
tornado = ">=4.0"
traitlets = ">=4.1.0"

[[package]]
category = "main"
description = "IPython: Productive Interactive Computing"
name = "ipython"
optional = false
platform = "Linux"
python-versions = ">=3.3"
version = "6.5.0"

[package.dependencies]
backcall = "*"
decorator = "*"
jedi = ">=0.10"
pickleshare = "*"
prompt-toolkit = ">=1.0.15,<2.0.0"
pygments = "*"
setuptools = ">=18.5"
simplegeneric = ">0.8"
traitlets = ">=4.2"

[package.dependencies.appnope]
platform = "darwin"
version = "*"

[package.dependencies.colorama]
platform = "win32"
version = "*"

[package.dependencies.pathlib2]
python = ">=3.3,<3.4"
version = "*"

[package.dependencies.pexpect]
platform = "!=win32"
version = "*"

[package.dependencies.typing]
python = "<=3.4"
version = "*"

[package.dependencies.win-unicode-console]
platform = "win32"
python = "<3.6"
version = ">=0.5"

[[package]]
category = "main"
description = "Vestigial utilities from IPython"
name = "ipython-genutils"
optional = false
platform = "Linux"
python-versions = "*"
version = "0.2.0"

[[package]]
category = "main"
description = "An autocompletion tool for Python that can be used for text editors."
name = "jedi"
optional = false
platform = "any"
python-versions = ">=2.7, !=3.0.*, !=3.1.*, !=3.2.*"
version = "0.12.1"

[package.dependencies]
parso = ">=0.3.0"

[[package]]
category = "main"
description = "A small but fast and easy to use stand-alone template engine written in pure python."
name = "jinja2"
optional = false
platform = "*"
python-versions = "*"
version = "2.10"

[package.dependencies]
MarkupSafe = ">=0.23"

[[package]]
category = "main"
description = "An implementation of JSON Schema validation for Python"
name = "jsonschema"
optional = false
platform = "*"
python-versions = "*"
version = "2.6.0"

[package.dependencies]
[package.dependencies.functools32]
python = ">=2.7,<2.8"
version = "*"

[[package]]
category = "main"
description = "Jupyter protocol implementation and client libraries"
name = "jupyter-client"
optional = false
platform = "Linux"
python-versions = ">=2.7, !=3.0.*, !=3.1.*, !=3.2.*"
version = "5.2.3"

[package.dependencies]
jupyter-core = "*"
python-dateutil = ">=2.1"
pyzmq = ">=13"
tornado = ">=4.1"
traitlets = "*"

[[package]]
category = "main"
description = "Jupyter core package. A base package on which Jupyter projects rely."
name = "jupyter-core"
optional = false
platform = "*"
python-versions = "*"
version = "4.4.0"

[package.dependencies]
traitlets = "*"

[[package]]
category = "main"
description = "Implements a XML/HTML/XHTML Markup safe string for Python"
name = "markupsafe"
optional = false
platform = "UNKNOWN"
python-versions = "*"
version = "1.0"

[[package]]
category = "main"
description = "The fastest markdown parser in pure Python"
name = "mistune"
optional = false
platform = "any"
python-versions = "*"
version = "0.8.3"

[[package]]
category = "dev"
description = "More routines for operating on iterables, beyond itertools"
name = "more-itertools"
optional = false
platform = "*"
python-versions = "*"
version = "4.3.0"

[package.dependencies]
six = ">=1.0.0,<2.0.0"

[[package]]
category = "main"
description = "MessagePack (de)serializer."
name = "msgpack"
optional = false
platform = "*"
python-versions = "*"
version = "0.5.6"

[[package]]
category = "main"
description = "Numpy data serialization using msgpack"
name = "msgpack-numpy"
optional = false
platform = "*"
python-versions = "*"
version = "0.4.3.1"

[package.dependencies]
msgpack = ">=0.3.0"
numpy = ">=1.9.0"

[[package]]
category = "main"
description = "Cython bindings for MurmurHash2"
name = "murmurhash"
optional = false
platform = "*"
python-versions = "*"
version = "0.28.0"

[[package]]
category = "main"
description = "Converting Jupyter Notebooks"
name = "nbconvert"
optional = false
platform = "Linux"
python-versions = "*"
version = "5.3.1"

[package.dependencies]
bleach = "*"
entrypoints = ">=0.2.2"
jinja2 = "*"
jupyter-core = "*"
mistune = ">=0.7.4"
nbformat = ">=4.4"
pandocfilters = ">=1.4.1"
pygments = "*"
testpath = "*"
traitlets = ">=4.2"

[[package]]
category = "main"
description = "The Jupyter Notebook format"
name = "nbformat"
optional = false
platform = "Linux"
python-versions = "*"
version = "4.4.0"

[package.dependencies]
ipython-genutils = "*"
jsonschema = ">=2.4,<2.5.0 || >2.5.0"
jupyter-core = "*"
traitlets = ">=4.1"

[[package]]
category = "main"
description = "A web-based notebook environment for interactive computing"
name = "notebook"
optional = false
platform = "Linux"
python-versions = "*"
version = "5.6.0"

[package.dependencies]
Send2Trash = "*"
ipykernel = "*"
ipython-genutils = "*"
jinja2 = "*"
jupyter-client = ">=5.2.0"
jupyter-core = ">=4.4.0"
nbconvert = "*"
nbformat = "*"
prometheus-client = "*"
pyzmq = ">=17"
terminado = ">=0.8.1"
tornado = ">=4"
traitlets = ">=4.2.1"

[package.dependencies.ipaddress]
python = ">=2.7,<2.8"
version = "*"

[[package]]
category = "main"
description = "NumPy: array processing for numbers, strings, records, and objects."
name = "numpy"
optional = false
platform = "Windows"
python-versions = ">=2.7,!=3.0.*,!=3.1.*,!=3.2.*,!=3.3.*"
version = "1.15.0"

[[package]]
category = "dev"
description = "A drop-in substitute for Py2.7's new collections.OrderedDict that works in Python 2.4-2.6."
name = "ordereddict"
optional = false
platform = "UNKNOWN"
python-versions = "*"
version = "1.1"

[package.requirements]
python = "<2.7"

[[package]]
category = "main"
description = "Powerful data structures for data analysis, time series, and statistics"
name = "pandas"
optional = false
platform = "any"
python-versions = ">=2.7,!=3.0.*,!=3.1.*,!=3.2.*,!=3.3.*,!=3.4.*"
version = "0.23.4"

[package.dependencies]
numpy = ">=1.9.0"
python-dateutil = ">=2.5.0"
pytz = ">=2011k"

[[package]]
category = "main"
description = "Utilities for writing pandoc filters in python"
name = "pandocfilters"
optional = false
platform = "*"
python-versions = "*"
version = "1.4.2"

[[package]]
category = "main"
description = "A Python Parser"
name = "parso"
optional = false
platform = "any"
python-versions = "*"
version = "0.3.1"

[[package]]
category = "main"
description = "Object-oriented filesystem paths"
name = "pathlib"
optional = false
platform = "UNKNOWN"
python-versions = "*"
version = "1.0.1"

[package.requirements]
python = "<3.4"

[[package]]
category = "main"
description = "Object-oriented filesystem paths"
name = "pathlib2"
optional = false
platform = "*"
python-versions = "*"
version = "2.3.2"

[package.dependencies]
six = "*"

[package.dependencies.scandir]
python = "<3.5"
version = "*"

[package.requirements]
python = "<3.6"

[[package]]
category = "main"
description = "Pexpect allows easy control of interactive console applications."
name = "pexpect"
optional = false
platform = "UNIX"
python-versions = "*"
version = "4.6.0"

[package.dependencies]
ptyprocess = ">=0.5"

[package.requirements]
platform = "!=win32"

[[package]]
category = "main"
description = "Tiny 'shelve'-like database with concurrency support"
name = "pickleshare"
optional = false
platform = "*"
python-versions = "*"
version = "0.7.4"

[package.dependencies]
[package.dependencies.pathlib2]
python = ">=2.6.0,<2.8.0 || >=3.2.0,<3.4.0"
version = "*"

[[package]]
category = "main"
description = "The smartest command line arguments parser in the world"
name = "plac"
optional = false
platform = "All"
python-versions = "*"
version = "0.9.6"

[[package]]
category = "dev"
description = "plugin and hook calling mechanisms for python"
name = "pluggy"
optional = false
platform = "unix"
python-versions = ">=2.7, !=3.0.*, !=3.1.*, !=3.2.*, !=3.3.*"
version = "0.7.1"

[[package]]
category = "main"
description = "Cython hash table that trusts the keys are pre-hashed"
name = "preshed"
optional = false
platform = "*"
python-versions = "*"
version = "1.0.1"

[package.dependencies]
cymem = ">=1.30,<1.32.0"

[[package]]
category = "main"
description = "Python client for the Prometheus monitoring system."
name = "prometheus-client"
optional = false
platform = "*"
python-versions = "*"
version = "0.3.1"

[[package]]
category = "main"
description = "Library for building powerful interactive command lines in Python"
name = "prompt-toolkit"
optional = false
platform = "*"
python-versions = "*"
version = "1.0.15"

[package.dependencies]
six = ">=1.9.0"
wcwidth = "*"

[[package]]
category = "main"
description = "Run a subprocess in a pseudo terminal"
name = "ptyprocess"
optional = false
platform = "*"
python-versions = "*"
version = "0.6.0"

[[package]]
category = "dev"
description = "library with cross-python path, ini-parsing, io, code, log facilities"
name = "py"
optional = false
platform = "unix"
python-versions = ">=2.7, !=3.0.*, !=3.1.*, !=3.2.*, !=3.3.*"
version = "1.5.4"

[[package]]
category = "main"
description = "Pygments is a syntax highlighting package written in Python."
name = "pygments"
optional = false
platform = "any"
python-versions = "*"
version = "2.2.0"

[[package]]
category = "main"
description = "Morphological analyzer (POS tagger + inflection engine) for Russian language."
name = "pymorphy2"
optional = false
platform = "UNKNOWN"
python-versions = "*"
version = "0.8"

[package.dependencies]
dawg-python = ">=0.7"
docopt = ">=0.6"
pymorphy2-dicts = ">=2.4,<3.0"

[[package]]
category = "main"
description = "OpenCorpora.org dictionaries pre-compiled for pymorphy2"
name = "pymorphy2-dicts"
optional = false
platform = "UNKNOWN"
python-versions = "*"
version = "2.4.393442.3710985"

[[package]]
category = "dev"
description = "pytest: simple powerful testing with Python"
name = "pytest"
optional = false
platform = "unix"
python-versions = ">=2.7, !=3.0.*, !=3.1.*, !=3.2.*, !=3.3.*"
version = "3.7.1"

[package.dependencies]
atomicwrites = ">=1.0"
attrs = ">=17.4.0"
more-itertools = ">=4.0.0"
pluggy = ">=0.7"
py = ">=1.5.0"
setuptools = "*"
six = ">=1.10.0"

[package.dependencies.colorama]
platform = "win32"
version = "*"

[package.dependencies.funcsigs]
python = "<3.0"
version = "*"

[package.dependencies.pathlib2]
python = "<3.6"
version = ">=2.2.0"

[[package]]
category = "main"
description = "Extensions to the standard Python datetime module"
name = "python-dateutil"
optional = false
platform = "*"
python-versions = ">=2.7, !=3.0.*, !=3.1.*, !=3.2.*"
version = "2.7.3"

[package.dependencies]
six = ">=1.5"

[[package]]
category = "main"
description = "World timezone definitions, modern and historical"
name = "pytz"
optional = false
platform = "Independent"
python-versions = "*"
version = "2018.5"

[[package]]
category = "main"
description = "Python bindings for the winpty library"
name = "pywinpty"
optional = false
platform = "*"
python-versions = "*"
version = "0.5.4"

[package.dependencies]
[package.dependencies."backports.shutil-which"]
python = "<3.0"
version = "*"

[[package]]
category = "main"
description = "Python bindings for 0MQ"
name = "pyzmq"
optional = false
platform = "*"
python-versions = ">=2.7,!=3.0*,!=3.1*,!=3.2*"
version = "17.1.0"

[[package]]
category = "main"
description = "Alternative regular expression module, to replace re."
name = "regex"
optional = false
platform = "UNKNOWN"
python-versions = "*"
version = "2017.04.05"

[[package]]
category = "main"
description = "Python HTTP for Humans."
name = "requests"
optional = false
platform = "*"
python-versions = ">=2.6, !=3.0.*, !=3.1.*, !=3.2.*, !=3.3.*"
version = "2.19.1"

[package.dependencies]
certifi = ">=2017.4.17"
chardet = ">=3.0.2,<3.1.0"
idna = ">=2.5,<2.8"
urllib3 = ">=1.21.1,<1.24"

[[package]]
category = "main"
description = "scandir, a better directory iterator and faster os.walk()"
name = "scandir"
optional = false
platform = "*"
python-versions = "*"
version = "1.8"

[package.requirements]
python = "<3.5"

[[package]]
category = "main"
description = "Send file to trash natively under Mac OS X, Windows and Linux."
name = "send2trash"
optional = false
platform = "*"
python-versions = "*"
version = "1.5.0"

[[package]]
category = "main"
description = "Simple generic functions (similar to Python's own len(), pickle.dump(), etc.)"
name = "simplegeneric"
optional = false
platform = "UNKNOWN"
python-versions = "*"
version = "0.8.1"

[[package]]
category = "main"
description = "Python 2 and 3 compatibility utilities"
name = "six"
optional = false
platform = "*"
python-versions = "*"
version = "1.11.0"

[[package]]
category = "main"
description = "Industrial-strength Natural Language Processing (NLP) with Python and Cython"
name = "spacy"
optional = false
platform = "*"
python-versions = "*"
version = "2.0.12"

[package.dependencies]
cymem = ">=1.30,<1.32"
dill = ">=0.2,<0.3"
murmurhash = ">=0.28,<0.29"
numpy = ">=1.7"
plac = ">=0.9.6,<1.0.0"
preshed = ">=1.0.0,<2.0.0"
regex = "2017.4.5"
requests = ">=2.13.0,<3.0.0"
thinc = ">=6.10.3,<6.11.0"
ujson = ">=1.35"

[package.dependencies.pathlib]
python = "<3.4"
version = "1.0.1"

[[package]]
category = "main"
description = "Terminals served to xterm.js using Tornado websockets"
name = "terminado"
optional = false
platform = "*"
python-versions = "*"
version = "0.8.1"

[package.dependencies]
ptyprocess = "*"
pywinpty = ">=0.5"
tornado = ">=4"

[[package]]
category = "main"
description = "Test utilities for code working with files and commands"
name = "testpath"
optional = false
platform = "*"
python-versions = "*"
version = "0.3.1"

[[package]]
category = "main"
description = "Practical Machine Learning for NLP"
name = "thinc"
optional = false
platform = "*"
python-versions = "*"
version = "6.10.3"

[package.dependencies]
cymem = ">=1.30.0,<1.32.0"
cytoolz = ">=0.9.0,<0.10"
dill = ">=0.2.7,<0.3.0"
msgpack = ">=0.5.6,<1.0.0"
msgpack-numpy = ">=0.4.1,<1.0.0"
murmurhash = ">=0.28.0,<0.29.0"
numpy = ">=1.7.0"
plac = ">=0.9.6,<1.0.0"
preshed = ">=1.0.0,<2.0.0"
six = ">=1.10.0,<2.0.0"
tqdm = ">=4.10.0,<5.0.0"
wrapt = ">=1.10.0,<1.11.0"

[package.dependencies.pathlib]
python = "<3.4"
version = "1.0.1"

[[package]]
category = "main"
description = "List processing tools and functional utilities"
name = "toolz"
optional = false
platform = "*"
python-versions = "*"
version = "0.9.0"

[[package]]
category = "main"
description = "Tornado is a Python web framework and asynchronous networking library, originally developed at FriendFeed."
name = "tornado"
optional = false
platform = "*"
python-versions = ">= 2.7, !=3.0.*, !=3.1.*, !=3.2.*, != 3.3.*"
version = "5.1"

[[package]]
category = "main"
description = "Fast, Extensible Progress Meter"
name = "tqdm"
optional = false
platform = "any"
python-versions = ">=2.6, !=3.0.*, !=3.1.*"
version = "4.25.0"

[[package]]
category = "main"
description = "Traitlets Python config system"
name = "traitlets"
optional = false
platform = "Linux,Mac OS X,Windows"
python-versions = "*"
version = "4.3.2"

[package.dependencies]
decorator = "*"
ipython-genutils = "*"
six = "*"

[package.dependencies.enum34]
python = ">=2.7,<2.8 || >=3.3,<3.4"
version = "*"

[[package]]
category = "main"
description = "Type Hints for Python"
name = "typing"
optional = false
platform = "*"
python-versions = "*"
version = "3.6.4"

[package.requirements]
python = "<=3.4"

[[package]]
category = "main"
description = "Ultra fast JSON encoder and decoder for Python"
name = "ujson"
optional = false
platform = "any"
python-versions = "*"
version = "1.35"

[[package]]
category = "main"
description = "HTTP library with thread-safe connection pooling, file post, and more."
name = "urllib3"
optional = false
platform = "*"
python-versions = ">=2.6, !=3.0.*, !=3.1.*, !=3.2.*, !=3.3.*, <4"
version = "1.23"

[[package]]
category = "main"
description = "Measures number of Terminal column cells of wide-character codes"
name = "wcwidth"
optional = false
platform = "UNKNOWN"
python-versions = "*"
version = "0.1.7"

[[package]]
category = "main"
description = "Character encoding aliases for legacy web content"
name = "webencodings"
optional = false
platform = "*"
python-versions = "*"
version = "0.5.1"

[[package]]
category = "main"
description = "Enable Unicode input and display when running Python from Windows console."
name = "win-unicode-console"
optional = false
platform = "UNKNOWN"
python-versions = "*"
version = "0.5"

[package.requirements]
platform = "win32"
python = "<3.6"

[[package]]
category = "main"
description = "Module for decorators, wrappers and monkey patching."
name = "wrapt"
optional = false
platform = "*"
python-versions = "*"
version = "1.10.11"

[metadata]
content-hash = "2791e52f0645741cbee298824b1377cb0c0fb1d0c53db7a94d75b72fa7d6e6a0"
platform = "*"
python-versions = "*"

[metadata.hashes]
appnope = ["5b26757dc6f79a3b7dc9fab95359328d5747fcb2409d331ea66d0272b90ab2a0", "8b995ffe925347a2138d7ac0fe77155e4311a0ea6d6da4f5128fe4b3cbe5ed71"]
atomicwrites = ["240831ea22da9ab882b551b31d4225591e5e447a68c5e188db5b89ca1d487585", "a24da68318b08ac9c9c45029f4a10371ab5b20e4226738e150e6e7c571630ae6"]
attrs = ["4b90b09eeeb9b88c35bc642cbac057e45a5fd85367b985bd2809c62b7b939265", "e0d0eb91441a3b53dab4d9b743eafc1ac44476296a2053b6ca3af0b139faf87b"]
backcall = ["38ecd85be2c1e78f77fd91700c76e14667dc21e2713b63876c0eb901196e01e4", "bbbf4b1e5cd2bdb08f915895b51081c041bac22394fdfcfdfbe9f14b77c08bf2"]
"backports.shutil-which" = ["ce71e4040360e239d142e73d28d592f1951cdff4330db6616efcb43d1abe6ad4", "dd439a7b02433e47968c25a45a76704201c4ef2167deb49830281c379b1a4a9b"]
bleach = ["b8fa79e91f96c2c2cd9fd1f9eda906efb1b88b483048978ba62fef680e962b34", "eb7386f632349d10d9ce9d4a838b134d4731571851149f9cc2c05a9a837a9a44"]
certifi = ["376690d6f16d32f9d1fe8932551d80b23e9d393a8578c5633a2ed39a64861638", "456048c7e371c089d0a77a5212fb37a2c2dce1e24146e3b7e0261736aaeaa22a"]
chardet = ["84ab92ed1c4d4f16916e05906b6b75a6c0fb5db821cc65e70cbd64a3e2a5eaae", "fc323ffcaeaed0e0a02bf4d117757b98aed530d9ed4531e3e15460124c106691"]
colorama = ["463f8483208e921368c9f306094eb6f725c6ca42b0f97e313cb5d5512459feda", "48eb22f4f8461b1df5734a074b57042430fb06e1d61bd1e11b078c0fe6d7a1f1"]
configparser = ["5308b47021bc2340965c371f0f058cc6971a04502638d4244225c49d80db273a"]
cupy-cuda91 = ["3530e3ae04e5cace1d3faea7b4849156b784635a9a2bb7a28c0ff18e1f4fa260", "641435d4169482ac853ad01aa0e6e95a86082e6467b318851096ec066d9ecc5b", "72e398e80836778dd84b7b15ce2c74c77a0819ea1fe8e810f5e4a85a4b9f6ed9", "c7fbfd0a527112ede9bcd3d080e4c1b7426377302a74d0acb6f0aa932f629334"]
cymem = ["00bb3645dfb9a020d735ba3d6f822b04656388180588d8b2cebde967ee678bcc", "0dd61d05977839a922c0d797c355b98949210575918b1743b41e38ae9fb2c3a7", "4bc1056b52d959fcbb1e0f32ec84fa131754d6be1e36b65782c6ac86419f4bf3", "4c5d9ca6ec706792b8d9b1faf6db77b95545c388c768b21d940f197aa7efbb7e", "50292f4dd0d950a8698bae27d71efe59da7ff08e591b735e08b658aae42c4745", "616d06333f46dd03c128d97912d361183fc02249e6420a7b7907b41214c51562", "944af97d4d34a2470b5199f1c31d2dfc79cdec7bd7a41354d839a8ab87fdfaa6", "b38056efb99078b06c504adb5f03a8d9e822a5543451737b746028a71c4b1ac3", "b6513b2926c60d641f159e79e6fb16460dfb50ebcce31a5af0370c51837c7efc", "daa6003fcc199752ab703142021cff74774872a932303b240dc0ea177adf295d", "f06d9b50da0474d7405674d8101c319d89a17d33792d6d429fe3d5c64f0d9df1"]
cytoolz = ["84cc06fa40aa310f2df79dd440fc5f84c3e20f01f9f7783fc9c38d0a11ba00e5"]
dawg-python = ["4941d5df081b8d6fcb4597e073a9f60d5c1ccc9d17cd733e8744d7ecfec94ef3", "4a5e3286e6261cca02f205cfd5516a7ab10190fa30c51c28d345808f595e3421"]
decorator = ["2c51dff8ef3c447388fe5e4453d24a2bf128d3a4c32af3fabef1f01c6851ab82", "c39efa13fbdeb4506c476c9b3babf6a718da943dab7811c206005a4a956c080c"]
dill = ["624dc244b94371bb2d6e7f40084228a2edfff02373fe20e018bef1ee92fdd5b3"]
docopt = ["49b3a825280bd66b3aa83585ef59c4a8c82f2c8a522dbe754a8bc8d08c85c491"]
entrypoints = ["10ad569bb245e7e2ba425285b9fa3e8178a0dc92fc53b1e1c553805e15a8825b", "d2d587dde06f99545fb13a383d2cd336a8ff1f359c5839ce3a64c917d10c029f"]
enum34 = ["2d81cbbe0e73112bdfe6ef8576f2238f2ba27dd0d55752a776c41d38b7da2850", "644837f692e5f550741432dd3f223bbb9852018674981b1664e5dc339387588a", "6bd0f6ad48ec2aa117d3d141940d484deccda84d4fcd884f5c3d93c23ecd8c79", "8ad8c4783bf61ded74527bffb48ed9b54166685e4230386a9ed9b1279e2df5b1"]
fastrlock = ["0e5955d4e4970b1ece146a335f3cf46dbb1407c5a45fdd45aa60e573055bb5b8", "3bacece02d82d1734792c5c87e75d24d1008d01001576d4e4c4fcfb897512217", "3fe0a6132acf0d71c2cb75867a42ba7e05d54b33df806f2f37915935cb694432", "5f71d7505d00ac4e9c829d2e2a9c6b855caedb0a3a6f86c05668caf55737f426", "7dbb52c11dcee37727c66c49255ae75b7cc2f8502a82d66819364f2d63cda0bd", "8627109df995d4668d3316b70b4e860147728a627cded69a25061bc946f47468", "95c468bfbad78ae3e6c0e84428477d5d76183b2d1077351467a2334dcb80178d", "a6fa2b83d20c61f0fba13cc25006efc620fe19ec39c1fec8f024b9898bd5f360", "ad76ff4c4fb10793c14033653de050f67016810ee976dcc744eb577df0e2d358", "adccdc23d51ca87a0e55b2a4ce3b4813fa2c7442ce966713fa699456c24ab902", "b24171e935effd5068b91e5e57e61e198c3ce48b7231df40571408af2486b910", "cc8922a28c0be2047ae159ce02fd13caeb1d2eb19b7a4cd2a54e7dbe5e66eb56", "d103f258767ba31f2d1656f9bb08cfa725bbe6ca26d53b9df61c2b52ea32bc41", "d6009140696e001d878cbe569eb559628d3d11132a97293c910610759bd254c7", "f0e2ab644e00f36e3120954e6c720b4c8d8335dd8a517f3970b4f605f309fc91"]
funcsigs = ["330cc27ccbf7f1e992e69fef78261dc7c6569012cf397db8d3de0234e6c937ca", "a7bb0f2cf3a3fd1ab2732cb49eba4252c2af4240442415b4abce3b87022a8f50"]
functools32 = ["89d824aa6c358c421a234d7f9ee0bd75933a67c29588ce50aaa3acdf4d403fa0", "f6253dfbe0538ad2e387bd8fdfd9293c925d63553f5813c4e587745416501e6d"]
html5lib = ["20b159aa3badc9d5ee8f5c647e5efd02ed2a66ab8d354930bd9ff139fc1dc0a3", "66cb0dcfdbbc4f9c3ba1a63fdb511ffdbd4f513b2b6d81b80cd26ce6b3fb3736"]
idna = ["156a6814fb5ac1fc6850fb002e0852d56c0c8d2531923a51032d1b70760e186e", "684a38a6f903c1d71d6d5fac066b58d7768af4de2b832e426ec79c30daa94a16"]
ipaddress = ["64b28eec5e78e7510698f6d4da08800a5c575caa4a286c93d651c5d3ff7b6794", "b146c751ea45cad6188dd6cf2d9b757f6f4f8d6ffb96a023e6f2e26eea02a72c"]
ipykernel = ["395f020610e33ffa0b0c9c0cd1a1d927d51ab9aa9f30a7ae36bb0c908a33e89c", "935941dba29d856eee34b8b5261d971bd5012547239ed73ddfff099143748c37", "c091449dd0fad7710ddd9c4a06e8b9e15277da306590bc07a3a1afa6b4453c8f"]
ipython = ["007dcd929c14631f83daff35df0147ea51d1af420da303fd078343878bd5fb62", "b0f2ef9eada4a68ef63ee10b6dde4f35c840035c50fd24265f8052c98947d5a4"]
ipython-genutils = ["72dd37233799e619666c9f639a9da83c34013a73e8bbc79a7a6348d93c61fab8", "eb2e116e75ecef9d4d228fdc66af54269afa26ab4463042e33785b887c628ba8"]
jedi = ["b409ed0f6913a701ed474a614a3bb46e6953639033e31f769ca7581da5bd1ec1", "c254b135fb39ad76e78d4d8f92765ebc9bf92cbc76f49e97ade1d5f5121e1f6f"]
jinja2 = ["74c935a1b8bb9a3947c50a54766a969d4846290e1e788ea44c1392163723c3bd", "f84be1bb0040caca4cea721fcbbbbd61f9be9464ca236387158b0feea01914a4"]
jsonschema = ["000e68abd33c972a5248544925a0cae7d1125f9bf6c58280d37546b946769a08", "6ff5f3180870836cae40f06fa10419f557208175f13ad7bc26caa77beb1f6e02"]
jupyter-client = ["27befcf0446b01e29853014d6a902dd101ad7d7f94e2252b1adca17c3466b761", "59e6d791e22a8002ad0e80b78c6fd6deecab4f9e1b1aa1a22f4213de271b29ea"]
jupyter-core = ["927d713ffa616ea11972534411544589976b2493fc7e09ad946e010aa7eb9970", "ba70754aa680300306c699790128f6fbd8c306ee5927976cbe48adacf240c0b7"]
markupsafe = ["a6be69091dac236ea9c6bc7d012beab42010fa914c459791d627dad4910eb665"]
mistune = ["b4c512ce2fc99e5a62eb95a4aba4b73e5f90264115c40b70a21e1f7d4e0eac91", "bc10c33bfdcaa4e749b779f62f60d6e12f8215c46a292d05e486b869ae306619"]
more-itertools = ["c187a73da93e7a8acc0001572aebc7e3c69daf7bf6881a2cea10650bd4420092", "c476b5d3a34e12d40130bc2f935028b5f636df8f372dc2c1c01dc19681b2039e", "fcbfeaea0be121980e15bc97b3817b5202ca73d0eae185b4550cbfce2a3ebb3d"]
msgpack = ["0b3b1773d2693c70598585a34ca2715873ba899565f0a7c9a1545baef7e7fbdc", "0bae5d1538c5c6a75642f75a1781f3ac2275d744a92af1a453c150da3446138b", "0ee8c8c85aa651be3aa0cd005b5931769eaa658c948ce79428766f1bd46ae2c3", "1369f9edba9500c7a6489b70fdfac773e925342f4531f1e3d4c20ac3173b1ae0", "22d9c929d1d539f37da3d1b0e16270fa9d46107beab8c0d4d2bddffffe895cee", "2ff43e3247a1e11d544017bb26f580a68306cec7a6257d8818893c1fda665f42", "31a98047355d34d047fcdb55b09cb19f633cf214c705a765bd745456c142130c", "8767eb0032732c3a0da92cbec5ac186ef89a3258c6edca09161472ca0206c45f", "8acc8910218555044e23826980b950e96685dc48124a290c86f6f41a296ea172", "ab189a6365be1860a5ecf8159c248f12d33f79ea799ae9695fa6a29896dcf1d4", "cfd6535feb0f1cf1c7cdb25773e965cc9f92928244a8c3ef6f8f8a8e1f7ae5c4", "e274cd4480d8c76ec467a85a9c6635bbf2258f0649040560382ab58cabb44bcf", "f86642d60dca13e93260187d56c2bef2487aa4d574a669e8ceefcf9f4c26fd00", "f8a57cbda46a94ed0db55b73e6ab0c15e78b4ede8690fa491a0e55128d552bb0", "fcea97a352416afcbccd7af9625159d80704a25c519c251c734527329bb20d0e"]
msgpack-numpy = ["31fd5dd009bbee7f8b107db8c859e3a0a2793acc196f25ffbbae1e71b4c63ca5", "faabc8b22261e754bc39c0c8af347213348453eb8f79719d26d96d52f9b57146"]
murmurhash = ["651137ed3e1169342c9edade454f3beb7fcdf28d4ad1ac232725237eaf442d9a"]
nbconvert = ["12b1a4671d4463ab73af6e4cbcc965b62254e05d182cd54995dda0d0ef9e2db9", "260d390b989a647575b8ecae2cd06a9eaead10d396733d6e50185d5ebd08996e"]
nbformat = ["b9a0dbdbd45bb034f4f8893cafd6f652ea08c8c1674ba83f2dc55d3955743b0b", "f7494ef0df60766b7cabe0a3651556345a963b74dbc16bc7c18479041170d402"]
notebook = ["66dd59e76e755584ae9450eb015c39f55d4bb1d8ec68f2c694d2b3cba7bf5c7e", "e2c8e931cc19db4f8c63e6a396efbc13a228b2cb5b2919df011b946f28239a08"]
numpy = ["14fb76bde161c87dcec52d91c78f65aa8a23aa2e1530a71f412dabe03927d917", "21041014b7529237994a6b578701c585703fbb3b1bea356cdb12a5ea7804241c", "24f3bb9a5f6c3936a8ccd4ddfc1210d9511f4aeb879a12efd2e80bec647b8695", "34033b581bc01b1135ca2e3e93a94daea7c739f21a97a75cca93e29d9f0c8e71", "3fbccb399fe9095b1c1d7b41e7c7867db8aa0d2347fc44c87a7a180cedda112b", "50718eea8e77a1bedcc85befd22c8dbf5a24c9d2c0c1e36bbb8d7a38da847eb3", "55daf757e5f69aa75b4477cf4511bf1f96325c730e4ad32d954ccb593acd2585", "61efc65f325770bbe787f34e00607bc124f08e6c25fdf04723848585e81560dc", "62cb836506f40ce2529bfba9d09edc4b2687dd18c56cf4457e51c3e7145402fd", "64c6acf5175745fd1b7b7e17c74fdbfb7191af3b378bc54f44560279f41238d3", "674ea7917f0657ddb6976bd102ac341bc493d072c32a59b98e5b8c6eaa2d5ec0", "73a816e441dace289302e04a7a34ec4772ed234ab6885c968e3ca2fc2d06fe2d", "78c35dc7ad184aebf3714dbf43f054714c6e430e14b9c06c49a864fb9e262030", "7f17efe9605444fcbfd990ba9b03371552d65a3c259fc2d258c24fb95afdd728", "816645178f2180be257a576b735d3ae245b1982280b97ae819550ce8bcdf2b6b", "924f37e66db78464b4b85ed4b6d2e5cda0c0416e657cac7ccbef14b9fa2c40b5", "a17a8fd5df4fec5b56b4d11c9ba8b9ebfb883c90ec361628d07be00aaa4f009a", "aaa519335a71f87217ca8a680c3b66b61960e148407bdf5c209c42f50fe30f49", "ae3864816287d0e86ead580b69921daec568fe680857f07ee2a87bf7fd77ce24", "b5f8c15cb9173f6cdf0f994955e58d1265331029ae26296232379461a297e5f2", "c3ac359ace241707e5a48fe2922e566ac666aacacf4f8031f2994ac429c31344", "c7c660cc0209fdf29a4e50146ca9ac9d8664acaded6b6ae2f5d0ae2e91a0f0cd", "d690a2ff49f6c3bc35336693c9924fe5916be3cc0503fe1ea6c7e2bf951409ee", "e2317cf091c2e7f0dacdc2e72c693cc34403ca1f8e3807622d0bb653dc978616", "f28e73cf18d37a413f7d5de35d024e6b98f14566a10d82100f9dc491a7d449f9", "f2a778dd9bb3e4590dbe3bbac28e7c7134280c4ec97e3bf8678170ee58c67b21", "f5a758252502b466b9c2b201ea397dae5a914336c987f3a76c3741a82d43c96e", "fb4c33a404d9eff49a0cdc8ead0af6453f62f19e071b60d283f9dc05581e4134"]
ordereddict = ["1c35b4ac206cef2d24816c89f89cf289dd3d38cf7c449bb3fab7bf6d43f01b1f"]
pandas = ["11975fad9edbdb55f1a560d96f91830e83e29bed6ad5ebf506abda09818eaf60", "12e13d127ca1b585dd6f6840d3fe3fa6e46c36a6afe2dbc5cb0b57032c902e31", "1c87fcb201e1e06f66e23a61a5fea9eeebfe7204a66d99df24600e3f05168051", "242e9900de758e137304ad4b5663c2eff0d798c2c3b891250bd0bd97144579da", "26c903d0ae1542890cb9abadb4adcb18f356b14c2df46e4ff657ae640e3ac9e7", "2e1e88f9d3e5f107b65b59cd29f141995597b035d17cc5537e58142038942e1a", "31b7a48b344c14691a8e92765d4023f88902ba3e96e2e4d0364d3453cdfd50db", "4fd07a932b4352f8a8973761ab4e84f965bf81cc750fb38e04f01088ab901cb8", "5b24ca47acf69222e82530e89111dd9d14f9b970ab2cd3a1c2c78f0c4fbba4f4", "647b3b916cc8f6aeba240c8171be3ab799c3c1b2ea179a3be0bd2712c4237553", "66b060946046ca27c0e03e9bec9bba3e0b918bafff84c425ca2cc2e157ce121e", "6efa9fa6e1434141df8872d0fa4226fc301b17aacf37429193f9d70b426ea28f", "be4715c9d8367e51dbe6bc6d05e205b1ae234f0dc5465931014aa1c4af44c1ba", "bea90da782d8e945fccfc958585210d23de374fa9294a9481ed2abcef637ebfc", "d785fc08d6f4207437e900ffead930a61e634c5e4f980ba6d3dc03c9581748c7", "de9559287c4fe8da56e8c3878d2374abc19d1ba2b807bfa7553e912a8e5ba87c", "f4f98b190bb918ac0bc0e3dd2ab74ff3573da9f43106f6dba6385406912ec00f", "f71f1a7e2d03758f6e957896ed696254e2bc83110ddbc6942018f1a232dd9dad", "fb944c8f0b0ab5c1f7846c686bc4cdf8cde7224655c12edcd59d5212cd57bec0"]
pandocfilters = ["b3dd70e169bb5449e6bc6ff96aea89c5eea8c5f6ab5e207fc2f521a2cf4a0da9"]
parso = ["35704a43a3c113cce4de228ddb39aab374b8004f4f2407d070b6a2ca784ce8a2", "895c63e93b94ac1e1690f5fdd40b65f07c8171e3e53cbd7793b5b96c0e0a7f24"]
pathlib = ["6940718dfc3eff4258203ad5021090933e5c04707d5ca8cc9e73c94a7894ea9f"]
pathlib2 = ["8eb170f8d0d61825e09a95b38be068299ddeda82f35e96c3301a8a5e7604cb83", "d1aa2a11ba7b8f7b21ab852b1fb5afb277e1bb99d5dfc663380b5015c0d80c5a"]
pexpect = ["2a8e88259839571d1251d278476f3eec5db26deb73a70be5ed5dc5435e418aba", "3fbd41d4caf27fa4a377bfd16fef87271099463e6fa73e92a52f92dfee5d425b"]
pickleshare = ["84a9257227dfdd6fe1b4be1319096c20eb85ff1e82c7932f36efccfe1b09737b", "c9a2541f25aeabc070f12f452e1f2a8eae2abd51e1cd19e8430402bdf4c1d8b5"]
plac = ["854693ad90367e8267112ffbb8955f57d6fdeac3191791dc9ffce80f87fd2370", "ba3f719a018175f0a15a6b04e6cc79c25fd563d348aacd320c3644d2a9baf89b"]
pluggy = ["6e3836e39f4d36ae72840833db137f7b7d35105079aee6ec4a62d9f80d594dd1", "95eb8364a4708392bae89035f45341871286a333f749c3141c20573d2b3876e1"]
preshed = ["7b99ace606143a922163a7ff7ad4969b296288f5b20b9c9bda328caec3b92f71"]
prometheus-client = ["17bc24c09431644f7c65d7bce9f4237252308070b6395d6d8e87767afe867e24"]
prompt-toolkit = ["1df952620eccb399c53ebb359cc7d9a8d3a9538cb34c5a1344bdbeb29fbcc381", "3f473ae040ddaa52b52f97f6b4a493cfa9f5920c255a12dc56a7d34397a398a4", "858588f1983ca497f1cf4ffde01d978a3ea02b01c8a26a8bbc5cd2e66d816917"]
ptyprocess = ["923f299cc5ad920c68f2bc0bc98b75b9f838b93b599941a6b63ddbc2476394c0", "d7cc528d76e76342423ca640335bd3633420dc1366f258cb31d05e865ef5ca1f"]
py = ["3fd59af7435864e1a243790d322d763925431213b6b8529c6ca71081ace3bbf7", "e31fb2767eb657cbde86c454f02e99cb846d3cd9d61b318525140214fdc0e98e"]
pygments = ["78f3f434bcc5d6ee09020f92ba487f95ba50f1e3ef83ae96b9d5ffa1bab25c5d", "dbae1046def0efb574852fab9e90209b23f556367b5a320c0bcb871c77c3e8cc"]
pymorphy2 = ["3092c21f5e6f78a3a2fa54011236f975cbff8df29827ed6661cf4bde9aacdb8f", "549a1141abe01093242b9e11a1f60110ee4818f7fe57c9bb363e504339f382f5"]
pymorphy2-dicts = ["70d3e33fa28108a2dfcded787c7a5946c6ab88bb669b3afb20f8c447aadec924", "be7c6402b5f0919c1c942f07f89a7f53c70f6266a035fa0a561b23807ac79e4a", "d563f2c7673fc28583550780e21440764eb0168b57d498ec07e346da70ce0b3c"]
pytest = ["86a8dbf407e437351cef4dba46736e9c5a6e3c3ac71b2e942209748e76ff2086", "e74466e97ac14582a8188ff4c53e6cc3810315f342f6096899332ae864c1d432"]
python-dateutil = ["1adb80e7a782c12e52ef9a8182bebeb73f1d7e24e374397af06fb4956c8dc5c0", "e27001de32f627c22380a688bcc43ce83504a7bc5da472209b4c70f02829f0b8"]
pytz = ["a061aa0a9e06881eb8b3b2b43f05b9439d6583c206d0a6c340ff72a7b6669053", "ffb9ef1de172603304d9d2819af6f5ece76f2e85ec10692a524dd876e72bf277"]
pywinpty = ["349eef36414b038426e65d96ecccfa581c437562cc164fb4faffe6f46963bc80", "4617637c38ae9099a99f73d8dbeb9c752743693bd1dca6ea3b1d520a7248ebf3", "4ee8193b19d77ab59097a000a2c52b36e768e92263812e0c0b40306be8927fb4", "4f6c850db79dd19b1d842d81a8c08fd7efad5e160a1effbba10ba738a5a35cb2", "4fd720b20bb69f1b7ca2060e84503ae843972fcb006ae6e8ddd6ab212fe8911c", "79f2b4584111e36826e587d33eb4e7416a12ae1d6c094cb554e873c5c162fa5f", "87ae1a2301fbce7a3005dac7cdf8ce8a4162f05130348234b87caef260771e96"]
pyzmq = ["096b72e48dc4fb6afac4dc862626b103287176be7c0f49b52782689eac4bf376", "1c0d469837c54df4b3b8424c79f102a2a4ccc7e1e7f8816fcdcf39c1e6406b19", "2199f753a230e26aec5238b0518b036780708a4c887d4944519681a920b9dee4", "22402d2a55dcc5973b1356be12dbc4417350fcc85a6da3af2984271e769a28f4", "4166c2e45b5d43bc1da49a7f8518c2ced11227fb69b35405940442b92b0b0c34", "488ab43a9c4a710264987e7efe5d53384858281bd6540db0a47e7bb6c3bf7ec5", "8d757eaf5eb3b27ab449343e55b8e8f442a3de67ccdfca893cefe8964d44a147", "8e576262221c7fbee894cf105eb975f1385fc91988ce6120cdb2305195e7a9f6", "90b38559b33f544ebaa35fcb8d4091cb35c689a3cfe92e584e36c746f648c12b", "911f457a0b5c0e0c857a71bd2abbb96d15c695a11cf61caa43059143ed01bb6e", "941c9676bc2f3dbab528a4cd42a9dd80310156ed6014276f16288f25c9ff4da2", "965d50febc5402e7fb93c432155463b4184a79bec040cdeb3b006b278b3a544f", "98fe34bbbe5a516e75ac16f1ea585d9c1dda2067b6c9f4da174add6c952883b6", "9dc60c4a8299aa77082493231045d15b58c7875cb9f3dbee6e11a86356bd9e24", "a3d1c56387332063a5492c186fb504a7b6dfbdf6f0ce0a7388fed722998e3b0f", "a9660113ff4c52160f734704af8d351326cc6eabf1dbd135cf02c0ded02e1d9d", "b097f32a1ee00e0b2aa9776e0112a73655484d2e7c0634757c84c036c8be0706", "bcd81ab868e916fc22172667e528211b21e2dcab9af2e9fb3ee631d3eb946893", "bd1c9cbb6d1032a61a8ab0e77b1c83caa7b04e77a6736ff23d213de6bde92622", "cfe8d245bd62b3f87e120029f5a83f47055d3bb2d2b7f91566dd43487dedd6e3", "d74052450985befe7d983abb1daab6112b5cb78f1258731afe04c55dbb504739", "df65629511d6037045b2b4d87b17b0a984d7ae6af44e0d87c350c93e6685d746", "e724a5117044490cf0f55b5025bba4b909de0be4f47f6a48ad7c24d6a8e7e48c", "fafcb5be16c0012ada037b8eaf63d5b25d421680072eeb6df4a2d90599d962e6", "fdced6cf08aaa5b0dacfa4562e518ffb562bb09a90483f920cf6c4ecabd3f379"]
regex = ["19c4b0f68dd97b7116e590f47d60d97ab9e76966acc321b1d20dd87c2b64dff2", "1af6b820bec5ca82af87447af5a6dcc23b3ddc96b0184fd71666be0c24fb2a4f", "232dbc28a2562d92d713c3c1eb2b9276f3ebcbdb6d3e96ff68d0417a71926784", "3d26ce7e605a501509b68c343fc9d9e09f76c2e9e261df8183027bdc750c97ce", "52b590a41b9677314d02d9055edc33992db758b3d5167aa1365229a6a0c26a6d", "565f9aac9cd43b2351f7fcbc0d6056f8aebf4f6d049a17982085019ab9acdf28", "656984899644d3fe2e40533724f513a21127f77162a15dd5244af3c965152c63", "689c9d17c3ba02f52e8481a5c584c8c11ba27d6cc5f939efdd838ae0d0d1af41", "8a9d9db8ef1621ae51ea12acb5e503204b4586e05c6cfd418aecb9466a71bd87", "ad2beea450d551b11b47512ce920127d7c8645e528cc56dc9502c5973e8732f3", "b39867f577bc59b2fec9209facc513c761978e4ac63f4b73b9750a2c1501729e", "b6a7725a069be8f9dd09e1e500e5b57556b301942e21c8c712627f73ec048286", "b9e9b97696e75e826adac1920b13e7bac3a6a2128c085783abd208d73a278d70", "bf4896ed1ca2017153fc6b341bc8a0da8ca5480f85eebd7bfe58bbafceb4e728", "c3c2fe1e0d90f4c93be5b588480f05defd44f64c65767a657de69c4db4429a39", "d811874ed669165fe1059a54f860db5c6ab5f48100bf4945d915fd2f877b2531", "db616380b04e29e5709bc3ec0674e827dfed3d18e7d686c09537ab01506127c9", "efa66273b49dbd7a9f6a4d02d1a7d5bf353d568a89f7cd8927812daa9f83bb84", "f8feab5b517cdc65a61a50549e7dcfa0f61ab872a0034da1f6b8d61775178b6a"]
requests = ["63b52e3c866428a224f97cab011de738c36aec0185aa91cfacd418b5d58911d1", "ec22d826a36ed72a7358ff3fe56cbd4ba69dd7a6718ffd450ff0e9df7a47ce6a"]
scandir = ["01babbf0fea42a135f6e24747cac63225399d97a67a9a7eedc1f0510b63122db", "0f0059d907817cd3c07f1b658611aabd1af0a4bdc4bb7b211dfd8962d5bd46ba", "11e3bd756b13db4baca364985575eeef4781ce35ce66e2324811091b39b97cdb", "49345923704d611458335872925802620fcf895e1c67074dd8ea715e579f2581", "7f94d5967d61d1b5e415840b3a8995cb00a90893b9628451745e57a3749546d6", "8231e327a3a1c090b4f09ba40cc0b75a85939812d0e8f4c83acd745df3ed6c23", "8d5011d3a99042c4d90e8adda0052d4475aae3d57bb927012267a6c59186d870", "9f703e6b8eb53211d39c0f10e5c02f86e9a989fd44913b5c992259312d9bd59d", "b009e15a3d73376a84f8d8fad9b5ab6d9f96cb7606bdb867a4c882f10508e57e", "b0e0b4e6de8f8aae41a9fb4834127ee125668c363a79c62eb9f9c77de58e7b71", "f70d557a271ee9973087dc704daea205c95f021ee149f1605592bb0b1571ad78"]
send2trash = ["60001cc07d707fe247c94f74ca6ac0d3255aabcb930529690897ca2a39db28b2", "f1691922577b6fa12821234aeb57599d887c4900b9ca537948d2dac34aea888b"]
simplegeneric = ["dc972e06094b9af5b855b3df4a646395e43d1c9d0d39ed345b7393560d0b9173"]
six = ["70e8a77beed4562e7f14fe23a786b54f6296e34344c23bc42f07b15018ff98e9", "832dc0e10feb1aa2c68dcc57dbb658f1c7e65b9b61af69048abc87a2db00a0eb"]
spacy = ["b220ebee412c19613c26b2c1870b60473834bd686cec49553ce5f184164d3359"]
terminado = ["55abf9ade563b8f9be1f34e4233c7b7bde726059947a593322e8a553cc4c067a", "65011551baff97f5414c67018e908110693143cfbaeb16831b743fe7cad8b927"]
testpath = ["039fa6a6c9fd3488f8336d23aebbfead5fa602c4a47d49d83845f55a595ec1b4", "0d5337839c788da5900df70f8e01015aec141aa3fe7936cb0d0a2953f7ac7609"]
thinc = ["6e89d60f6165685837ebaff6a978ea9ca2b6c8c551a0886125c27de42e8fcf04"]
toolz = ["929f0a7ea7f61c178bd951bdae93920515d3fbdbafc8e6caf82d752b9b3b31c9"]
tornado = ["1c0816fc32b7d31b98781bd8ebc7a9726d7dce67407dc353a2e66e697e138448", "4f66a2172cb947387193ca4c2c3e19131f1c70fa8be470ddbbd9317fd0801582", "5327ba1a6c694e0149e7d9126426b3704b1d9d520852a3e4aa9fc8fe989e4046", "6a7e8657618268bb007646b9eae7661d0b57f13efc94faa33cd2588eae5912c9", "a9b14804783a1d77c0bd6c66f7a9b1196cbddfbdf8bceb64683c5ae60bd1ec6f", "c58757e37c4a3172949c99099d4d5106e4d7b63aa0617f9bb24bfbff712c7866", "d8984742ce86c0855cccecd5c6f54a9f7532c983947cff06f3a0e2115b47f85c"]
tqdm = ["5ef526702c0d265d5a960a3b27f3971fac13c26cf0fb819294bfa71fc6026c88", "a3364bd83ce4777320b862e3c8a93d7da91e20a95f06ef79bed7dd71c654cafa"]
traitlets = ["9c4bd2d267b7153df9152698efb1050a5d84982d3384a37b2c1f7723ba3e7835", "c6cb5e6f57c5a9bdaa40fa71ce7b4af30298fbab9ece9815b5d995ab6217c7d9"]
typing = ["3a887b021a77b292e151afb75323dea88a7bc1b3dfa92176cff8e44c8b68bddf", "b2c689d54e1144bbcfd191b0832980a21c2dbcf7b5ff7a66248a60c90e951eb8", "d400a9344254803a2368533e4533a4200d21eb7b6b729c173bc38201a74db3f2"]
ujson = ["f66073e5506e91d204ab0c614a148d5aa938bdbf104751be66f8ad7a222f5f86"]
urllib3 = ["a68ac5e15e76e7e5dd2b8f94007233e01effe3e50e8daddf69acfd81cb686baf", "b5725a0bd4ba422ab0e66e89e030c806576753ea3ee08554382c14e685d117b5"]
wcwidth = ["3df37372226d6e63e1b1e1eda15c594bca98a22d33a23832a90998faa96bc65e", "f4ebe71925af7b40a864553f761ed559b43544f8f71746c2d756c7fe788ade7c"]
webencodings = ["a0af1213f3c2226497a97e2b3aa01a7e4bee4f403f95be16fc9acd2947514a78", "b36a1c245f2d304965eb4e0a82848379241dc04b865afcc4aab16748587e1923"]
win-unicode-console = ["d4142d4d56d46f449d6f00536a73625a871cba040f0bc1a2e305a04578f07d1e"]
wrapt = ["d4d560d479f2c21e1b5443bbd15fe7ec4b37fe7e53d335d3b9b0a7b1226fe3c6"]
