[[package]]
name = "atomicwrites"
version = "1.1.5"
description = "Atomic file writes."
category = "dev"
optional = false
python-versions = "*"
platform = "UNKNOWN"

[[package]]
name = "attrs"
version = "18.1.0"
description = "Classes Without Boilerplate"
category = "dev"
optional = false
python-versions = "*"
platform = "*"

[[package]]
name = "colorama"
version = "0.3.9"
description = "Cross-platform colored terminal text."
category = "dev"
optional = false
python-versions = "*"
platform = "UNKNOWN"

[package.requirements]
platform = "win32"
[[package]]
name = "cymem"
version = "1.31.2"
description = "Manage calls to calloc/free through Cython"
category = "main"
optional = false
python-versions = "*"
platform = "UNKNOWN"

[[package]]
name = "cytoolz"
version = "0.8.2"
description = "Cython implementation of Toolz: High performance functional utilities"
category = "main"
optional = false
python-versions = "*"
platform = "UNKNOWN"

[package.dependencies]
toolz = ">=0.8.0"
[[package]]
name = "dawg-python"
version = "0.7.2"
description = "Pure-python reader for DAWGs (DAFSAs) created by dawgdic C++ library or DAWG Python extension."
category = "main"
optional = false
python-versions = "*"
platform = "UNKNOWN"

[[package]]
name = "dill"
version = "0.2.7.1"
description = "serialize all of python"
category = "main"
optional = false
python-versions = "*"
platform = "Linux"

[[package]]
name = "docopt"
version = "0.6.2"
description = "Pythonic argument parser, that will make you smile"
category = "main"
optional = false
python-versions = "*"
platform = "UNKNOWN"

[[package]]
name = "funcsigs"
version = "1.0.2"
description = "Python function signatures from PEP362 for Python 2.6, 2.7 and 3.2+"
category = "dev"
optional = false
python-versions = "*"
platform = "UNKNOWN"

[package.dependencies]
ordereddict = "*"
[package.requirements]
python = "<3.0"
[[package]]
name = "more-itertools"
version = "4.2.0"
description = "More routines for operating on iterables, beyond itertools"
category = "dev"
optional = false
python-versions = "*"
platform = "*"

[package.dependencies]
six = ">=1.0.0,<2.0.0"
[[package]]
name = "msgpack-numpy"
version = "0.4.1"
description = "Numpy data serialization using msgpack"
category = "main"
optional = false
python-versions = "*"
platform = "*"

[package.dependencies]
numpy = ">=1.9.0"
msgpack-python = ">=0.3.0"
[[package]]
name = "msgpack-python"
version = "0.5.6"
description = "MessagePack (de)serializer."
category = "main"
optional = false
python-versions = "*"
platform = "*"

[[package]]
name = "murmurhash"
version = "0.28.0"
description = "Cython bindings for MurmurHash2"
category = "main"
optional = false
python-versions = "*"
platform = "*"

[[package]]
name = "numpy"
version = "1.14.4"
description = "NumPy: array processing for numbers, strings, records, and objects."
category = "main"
optional = false
python-versions = ">=2.7,!=3.0.*,!=3.1.*,!=3.2.*,!=3.3.*"
platform = "Windows"

[[package]]
name = "ordereddict"
version = "1.1"
description = "A drop-in substitute for Py2.7's new collections.OrderedDict that works in Python 2.4-2.6."
category = "dev"
optional = false
python-versions = "*"
platform = "UNKNOWN"

[package.requirements]
python = "<2.7"
[[package]]
name = "pathlib"
version = "1.0.1"
description = "Object-oriented filesystem paths"
category = "main"
optional = false
python-versions = "*"
platform = "UNKNOWN"

[[package]]
name = "plac"
version = "0.9.6"
description = "The smartest command line arguments parser in the world"
category = "main"
optional = false
python-versions = "*"
platform = "All"

[[package]]
name = "pluggy"
version = "0.6.0"
description = "plugin and hook calling mechanisms for python"
category = "dev"
optional = false
python-versions = ">=2.7, !=3.0.*, !=3.1.*, !=3.2.*, !=3.3.*"
platform = "unix"

[[package]]
name = "preshed"
version = "1.0.0"
description = "Cython hash table that trusts the keys are pre-hashed"
category = "main"
optional = false
python-versions = "*"
platform = "*"

[package.dependencies]
cymem = ">=1.30,<1.32.0"
[[package]]
name = "py"
version = "1.5.3"
description = "library with cross-python path, ini-parsing, io, code, log facilities"
category = "dev"
optional = false
python-versions = ">=2.7, !=3.0.*, !=3.1.*, !=3.2.*, !=3.3.*"
platform = "unix"

[[package]]
name = "pymorphy2"
version = "0.8"
description = "Morphological analyzer (POS tagger + inflection engine) for Russian language."
category = "main"
optional = false
python-versions = "*"
platform = "UNKNOWN"

[package.dependencies]
dawg-python = ">=0.7"
pymorphy2-dicts = ">=2.4,<3.0"
docopt = ">=0.6"
[[package]]
name = "pymorphy2-dicts"
version = "2.4.393442.3710985"
description = "OpenCorpora.org dictionaries pre-compiled for pymorphy2"
category = "main"
optional = false
python-versions = "*"
platform = "UNKNOWN"

[[package]]
name = "pytest"
version = "3.6.1"
description = "pytest: simple powerful testing with Python"
category = "dev"
optional = false
python-versions = ">=2.7, !=3.0.*, !=3.1.*, !=3.2.*, !=3.3.*"
platform = "unix"

[package.dependencies]
colorama = "*"
funcsigs = "*"
pluggy = ">=0.5,<0.7"
atomicwrites = ">=1.0"
more-itertools = ">=4.0.0"
attrs = ">=17.4.0"
setuptools = "*"
six = ">=1.10.0"
py = ">=1.5.0"
[[package]]
name = "regex"
version = "2017.04.05"
description = "Alternative regular expression module, to replace re."
category = "main"
optional = false
python-versions = "*"
platform = "UNKNOWN"

[[package]]
name = "setuptools"
version = "39.2.0"
description = "Easily download, build, install, upgrade, and uninstall Python packages"
category = "dev"
optional = false
python-versions = ">=2.7,!=3.0.*,!=3.1.*,!=3.2.*"
platform = "*"

[[package]]
name = "six"
version = "1.11.0"
description = "Python 2 and 3 compatibility utilities"
category = "main"
optional = false
python-versions = "*"
platform = "*"

[[package]]
name = "spacy"
version = "2.0.11"
description = "Industrial-strength Natural Language Processing (NLP) with Python and Cython"
category = "main"
optional = false
python-versions = "*"
platform = "*"

[package.dependencies]
numpy = ">=1.7"
murmurhash = ">=0.28,<0.29"
cymem = ">=1.30,<1.32"
preshed = ">=1.0.0,<2.0.0"
thinc = ">=6.10.1,<6.11.0"
plac = ">=0.9.6,<1.0.0"
pathlib = "*"
ujson = ">=1.35"
dill = ">=0.2,<0.3"
regex = "2017.4.5"
[[package]]
name = "termcolor"
version = "1.1.0"
description = "ANSII Color formatting for output in terminal."
category = "main"
optional = false
python-versions = "*"
platform = "UNKNOWN"

[[package]]
name = "thinc"
version = "6.10.2"
description = "Practical Machine Learning for NLP"
category = "main"
optional = false
python-versions = "*"
platform = "*"

[package.dependencies]
wrapt = "*"
numpy = ">=1.7"
murmurhash = ">=0.28,<0.29"
cymem = ">=1.30,<1.32"
preshed = ">=1.0.0,<2.0.0"
tqdm = ">=4.10.0,<5.0.0"
cytoolz = ">=0.8,<0.9"
plac = ">=0.9.6,<1.0.0"
six = ">=1.10.0,<2.0.0"
dill = "*"
termcolor = "*"
pathlib = ">=1.0.0,<2.0.0"
msgpack-python = "*"
msgpack-numpy = "0.4.1"
[[package]]
name = "toolz"
version = "0.9.0"
description = "List processing tools and functional utilities"
category = "main"
optional = false
python-versions = "*"
platform = "*"

[[package]]
name = "tqdm"
version = "4.23.4"
description = "Fast, Extensible Progress Meter"
category = "main"
optional = false
python-versions = ">=2.6, !=3.0.*, !=3.1.*"
platform = "any"

[[package]]
name = "ujson"
version = "1.35"
description = "Ultra fast JSON encoder and decoder for Python"
category = "main"
optional = false
python-versions = "*"
platform = "any"

[[package]]
name = "wrapt"
version = "1.10.11"
description = "Module for decorators, wrappers and monkey patching."
category = "main"
optional = false
python-versions = "*"
platform = "*"

[metadata]
python-versions = "*"
platform = "*"
content-hash = "0ee9ca84700f947983db5d084e38e90c304de3f43abcbbbd00f79d4872eaf50b"

[metadata.hashes]
atomicwrites = [ "a24da68318b08ac9c9c45029f4a10371ab5b20e4226738e150e6e7c571630ae6", "240831ea22da9ab882b551b31d4225591e5e447a68c5e188db5b89ca1d487585",]
attrs = [ "4b90b09eeeb9b88c35bc642cbac057e45a5fd85367b985bd2809c62b7b939265", "e0d0eb91441a3b53dab4d9b743eafc1ac44476296a2053b6ca3af0b139faf87b",]
colorama = [ "463f8483208e921368c9f306094eb6f725c6ca42b0f97e313cb5d5512459feda", "48eb22f4f8461b1df5734a074b57042430fb06e1d61bd1e11b078c0fe6d7a1f1",]
cymem = [ "b6513b2926c60d641f159e79e6fb16460dfb50ebcce31a5af0370c51837c7efc", "616d06333f46dd03c128d97912d361183fc02249e6420a7b7907b41214c51562", "944af97d4d34a2470b5199f1c31d2dfc79cdec7bd7a41354d839a8ab87fdfaa6", "50292f4dd0d950a8698bae27d71efe59da7ff08e591b735e08b658aae42c4745", "daa6003fcc199752ab703142021cff74774872a932303b240dc0ea177adf295d", "b38056efb99078b06c504adb5f03a8d9e822a5543451737b746028a71c4b1ac3", "4bc1056b52d959fcbb1e0f32ec84fa131754d6be1e36b65782c6ac86419f4bf3", "0dd61d05977839a922c0d797c355b98949210575918b1743b41e38ae9fb2c3a7", "4c5d9ca6ec706792b8d9b1faf6db77b95545c388c768b21d940f197aa7efbb7e", "00bb3645dfb9a020d735ba3d6f822b04656388180588d8b2cebde967ee678bcc", "f06d9b50da0474d7405674d8101c319d89a17d33792d6d429fe3d5c64f0d9df1",]
cytoolz = [ "476a2ad176de5eaef80499b7b43d4f72ba6d23df33d349088dae315e9b31c552",]
dawg-python = [ "4941d5df081b8d6fcb4597e073a9f60d5c1ccc9d17cd733e8744d7ecfec94ef3", "4a5e3286e6261cca02f205cfd5516a7ab10190fa30c51c28d345808f595e3421",]
dill = [ "97fd758f5fe742d42b11ec8318ecfcff8776bccacbfcec05dfd6276f5d450f73",]
docopt = [ "49b3a825280bd66b3aa83585ef59c4a8c82f2c8a522dbe754a8bc8d08c85c491",]
funcsigs = [ "330cc27ccbf7f1e992e69fef78261dc7c6569012cf397db8d3de0234e6c937ca", "a7bb0f2cf3a3fd1ab2732cb49eba4252c2af4240442415b4abce3b87022a8f50",]
more-itertools = [ "a18d870ef2ffca2b8463c0070ad17b5978056f403fb64e3f15fe62a52db21cc0", "6703844a52d3588f951883005efcf555e49566a48afd4db4e965d69b883980d3", "2b6b9893337bfd9166bee6a62c2b0c9fe7735dcf85948b387ec8cba30e85d8e8",]
msgpack-numpy = [ "6947df61826a2917e38dbe07957a0c70dc82dce93ec38153dae850fdd21a4583", "afc603c7cf8497fb125a8c8c713518a004e9662101f088e3d4fcf7688b08eeb3",]
msgpack-python = [ "378cc8a6d3545b532dfd149da715abae4fda2a3adb6d74e525d0d5e51f46909b",]
murmurhash = [ "651137ed3e1169342c9edade454f3beb7fcdf28d4ad1ac232725237eaf442d9a",]
numpy = [ "c0c4bdcb771a147cb14286e3aeb72267e1664652d4150b0df255f0c210166a62", "939376b3b8d9bd42529a2713534c9bae7f11c774614d4d2f7f2a38cae96101f1", "6105d909e56c4f3f173a7294154eee5da80853104e9c3ebcf9e523fb3bb6cf70", "3ed68b8ef0635e12b06c216d3ed33572d9c15b05a5a5d6ab870d073190c3eef3", "1dc831683f18c11e6b5b7ad3610b9f00417b8d3fc63a8adcdbe68844d9dd6f62", "8d87ac65d830ee3087e6bd02b0201e68aed4c715ff2e227e3640e7ded38d8a2e", "7fbceea93b6877419d84516705a265dfc4626939a29107a4d04db599bf6cdf8d", "a1b4a80d59658fc438716095deb1971c6315482b461d976f760d920b6509fd5d", "ef7a07f6a77658a1038e6d22e53458129c04a95b5770f080b5741320d9491e32", "c5065b3aec37cd1b7ec2882b3ab86e200d15219a0fb96fea65a16c6b59d3c0f0", "b2b2741da83b1e016094b2fef2cadec1abd3ccd3d97428634ec6afe1dcb699b8", "419dfe9bcb09d2e87ecf296c5ebf2b047c568419c89588acc9dbce6d2d761bea", "be4664fe153ca6dbd961fb06f99b9b88b114ab44649376253b540aafbf42e469", "0d6d7bbcb54babaf39fe658bcc6f79641c9c62813c6d477802d783c7ba1a437c", "f54114395aabe13c7c4e4b425145cfd998eaf0781e87a9e9b2e77426f1ec8a82", "eb6ccd2b47d43199ec9a7c39bd45e399ccb5756e7367aaf92ced3c46fa67b16b", "f6a4ae8d5e1126bf4d8520a9aa6a82d067ab3ce7d21f58f0d50ead2aebda7bfb", "b037993dfb1175a68b6a2bfc6b1c2af57c09031d1332fea3ab25a539b43bd475", "e6c24c83ca64d447a18f041bd53cbe96c74405f59939b6006755105583b62629", "f29a9c5607b0fded7a9f0871dbd06918a88cb0a465acfac5c67f92d1a4115d48", "d9ceb6c680ffbe55ef6cf9d93558e0ddb72d616b885d77c536920f3da2112703", "9e6694912f13afd8b1e15aa8002e9c951a377c94080c5442de154d743a69b3ff", "2185a0f31ecaa0792264fa968c8e0ba6d96acf144b26e2e1d1cd5b77fc11a691",]
ordereddict = [ "1c35b4ac206cef2d24816c89f89cf289dd3d38cf7c449bb3fab7bf6d43f01b1f",]
pathlib = [ "6940718dfc3eff4258203ad5021090933e5c04707d5ca8cc9e73c94a7894ea9f",]
plac = [ "854693ad90367e8267112ffbb8955f57d6fdeac3191791dc9ffce80f87fd2370", "ba3f719a018175f0a15a6b04e6cc79c25fd563d348aacd320c3644d2a9baf89b",]
pluggy = [ "d345c8fe681115900d6da8d048ba67c25df42973bda370783cd58826442dcd7c", "e160a7fcf25762bb60efc7e171d4497ff1d8d2d75a3d0df7a21b76821ecbf5c5", "7f8ae7f5bdf75671a718d2daf0a64b7885f74510bcd98b1a0bb420eb9a9d0cff",]
preshed = [ "a6b3a9e34634600e3e410ec25e0debed4b65a47eb37514a063d189d1c425b4dd",]
py = [ "983f77f3331356039fdd792e9220b7b8ee1aa6bd2b25f567a963ff1de5a64f6a", "29c9fab495d7528e80ba1e343b958684f4ace687327e6f789a94bf3d1915f881",]
pymorphy2 = [ "549a1141abe01093242b9e11a1f60110ee4818f7fe57c9bb363e504339f382f5", "3092c21f5e6f78a3a2fa54011236f975cbff8df29827ed6661cf4bde9aacdb8f",]
pymorphy2-dicts = [ "70d3e33fa28108a2dfcded787c7a5946c6ab88bb669b3afb20f8c447aadec924", "d563f2c7673fc28583550780e21440764eb0168b57d498ec07e346da70ce0b3c", "be7c6402b5f0919c1c942f07f89a7f53c70f6266a035fa0a561b23807ac79e4a",]
pytest = [ "26838b2bc58620e01675485491504c3aa7ee0faf335c37fcd5f8731ca4319591", "32c49a69566aa7c333188149ad48b58ac11a426d5352ea3d8f6ce843f88199cb",]
regex = [ "b39867f577bc59b2fec9209facc513c761978e4ac63f4b73b9750a2c1501729e", "f8feab5b517cdc65a61a50549e7dcfa0f61ab872a0034da1f6b8d61775178b6a", "8a9d9db8ef1621ae51ea12acb5e503204b4586e05c6cfd418aecb9466a71bd87", "ad2beea450d551b11b47512ce920127d7c8645e528cc56dc9502c5973e8732f3", "52b590a41b9677314d02d9055edc33992db758b3d5167aa1365229a6a0c26a6d", "656984899644d3fe2e40533724f513a21127f77162a15dd5244af3c965152c63", "b6a7725a069be8f9dd09e1e500e5b57556b301942e21c8c712627f73ec048286", "1af6b820bec5ca82af87447af5a6dcc23b3ddc96b0184fd71666be0c24fb2a4f", "232dbc28a2562d92d713c3c1eb2b9276f3ebcbdb6d3e96ff68d0417a71926784", "b9e9b97696e75e826adac1920b13e7bac3a6a2128c085783abd208d73a278d70", "689c9d17c3ba02f52e8481a5c584c8c11ba27d6cc5f939efdd838ae0d0d1af41", "c3c2fe1e0d90f4c93be5b588480f05defd44f64c65767a657de69c4db4429a39", "3d26ce7e605a501509b68c343fc9d9e09f76c2e9e261df8183027bdc750c97ce", "efa66273b49dbd7a9f6a4d02d1a7d5bf353d568a89f7cd8927812daa9f83bb84", "565f9aac9cd43b2351f7fcbc0d6056f8aebf4f6d049a17982085019ab9acdf28", "db616380b04e29e5709bc3ec0674e827dfed3d18e7d686c09537ab01506127c9", "bf4896ed1ca2017153fc6b341bc8a0da8ca5480f85eebd7bfe58bbafceb4e728", "19c4b0f68dd97b7116e590f47d60d97ab9e76966acc321b1d20dd87c2b64dff2", "d811874ed669165fe1059a54f860db5c6ab5f48100bf4945d915fd2f877b2531",]
setuptools = [ "8fca9275c89964f13da985c3656cb00ba029d7f3916b37990927ffdf264e7926", "f7cddbb5f5c640311eb00eab6e849f7701fa70bf6a183fc8a2c33dd1d1672fb2",]
six = [ "832dc0e10feb1aa2c68dcc57dbb658f1c7e65b9b61af69048abc87a2db00a0eb", "70e8a77beed4562e7f14fe23a786b54f6296e34344c23bc42f07b15018ff98e9",]
spacy = [ "cddb06e7965222e4339eb59d2258db8dadab19ef8b0a1a44a2d33f94935ba421",]
termcolor = [ "1d6d69ce66211143803fbc56652b41d73b4a400a2891d7bf7a1cdf4c02de613b",]
thinc = [ "9a1deb850285f76efaf0ae38b605a137a3978826282cc57dcc1e66b779402a76",]
toolz = [ "929f0a7ea7f61c178bd951bdae93920515d3fbdbafc8e6caf82d752b9b3b31c9",]
tqdm = [ "224291ee0d8c52d91b037fd90806f48c79bcd9994d3b0abc9e44b946a908fccd", "77b8424d41b31e68f437c6dd9cd567aebc9a860507cb42fbd880a5f822d966fe",]
ujson = [ "f66073e5506e91d204ab0c614a148d5aa938bdbf104751be66f8ad7a222f5f86",]
wrapt = [ "d4d560d479f2c21e1b5443bbd15fe7ec4b37fe7e53d335d3b9b0a7b1226fe3c6",]
